
Microsoft Visual Studio Solution File, Format Version 12.00
# Visual Studio 14
VisualStudioVersion = 14.0.25420.1
MinimumVisualStudioVersion = 10.0.40219.1
Project("{FAE04EC0-301F-11D3-BF4B-00C04F79EFBC}") = "BasinTakip.ConsoleApp1", "BasinTakip.ConsoleApp1\BasinTakip.ConsoleApp1.csproj", "{97208687-B467-46C8-8DD0-F2B0626067B5}"
EndProject
Project("{FAE04EC0-301F-11D3-BF4B-00C04F79EFBC}") = "BasinTakip.Core", "BasinTakip.Core\BasinTakip.Core.csproj", "{7927A147-33C6-413B-A8E8-1285D0305CCD}"
EndProject
Project("{FAE04EC0-301F-11D3-BF4B-00C04F79EFBC}") = "BasinTakip.Application", "BasinTakip.Application\BasinTakip.Application.csproj", "{5FE8300C-AFD7-4C38-8732-E1ABBC5C5DDA}"
EndProject
Project("{FAE04EC0-301F-11D3-BF4B-00C04F79EFBC}") = "BasinTakip.Web", "BasinTakip.Web\BasinTakip.Web.csproj", "{C51D9404-A474-44B2-8A67-B05922B6757F}"
EndProject
Project("{FAE04EC0-301F-11D3-BF4B-00C04F79EFBC}") = "BasinTakip.EntityFramework", "BasinTakip.EntityFramework\BasinTakip.EntityFramework.csproj", "{34C06E92-2E69-4D2C-B62D-95BBB9CE9F83}"
EndProject
Project("{2150E333-8FDC-42A3-9474-1A3956D46DE8}") = "20 Application", "20 Application", "{E0763E6E-628E-41E7-BB29-EFC0B8F26F77}"
EndProject
Project("{2150E333-8FDC-42A3-9474-1A3956D46DE8}") = "50 Domain", "50 Domain", "{D90F8F7C-E85F-455F-9BC4-BF343A49D87B}"
EndProject
Project("{2150E333-8FDC-42A3-9474-1A3956D46DE8}") = "60 Infrastructure", "60 Infrastructure", "{3AA132A8-DEFE-49F5-8443-6570354C6B75}"
EndProject
Project("{FAE04EC0-301F-11D3-BF4B-00C04F79EFBC}") = "BasinTakip.Domain", "BasinTakip.Domain\BasinTakip.Domain.csproj", "{E2587CB2-50C6-4F16-88C4-C81DBC5A4985}"
EndProject
Project("{2150E333-8FDC-42A3-9474-1A3956D46DE8}") = "70 Cross Cutting", "70 Cross Cutting", "{2F9CEEC1-398A-4685-BFA6-320E99326DE8}"
EndProject
Project("{2150E333-8FDC-42A3-9474-1A3956D46DE8}") = "10 Presentation", "10 Presentation", "{B985C809-7106-45F9-9B85-6A9F112CEFC5}"
EndProject
Project("{2150E333-8FDC-42A3-9474-1A3956D46DE8}") = "30 Businesss", "30 Businesss", "{B7BC15E8-40BA-4228-B8D8-097A2F66B490}"
EndProject
Project("{2150E333-8FDC-42A3-9474-1A3956D46DE8}") = "40 Data", "40 Data", "{F8E51E2D-20E0-46AF-9FA2-F51EDC158C18}"
EndProject
Project("{2150E333-8FDC-42A3-9474-1A3956D46DE8}") = "00 Documentation", "00 Documentation", "{2F588E59-60F5-4686-BC28-299F666D1334}"
EndProject
Project("{FAE04EC0-301F-11D3-BF4B-00C04F79EFBC}") = "BasinTakip.Core.Entities", "BasinTakip.Core.Entities\BasinTakip.Core.Entities.csproj", "{3692876C-9FD4-4D08-B743-0DDFBAB3FF6D}"
EndProject
Project("{FAE04EC0-301F-11D3-BF4B-00C04F79EFBC}") = "BasinTakip.Core.Web", "BasinTakip.Core.Web\BasinTakip.Core.Web.csproj", "{AD4B4A20-D9A7-44D6-803D-AFD9500D60E7}"
EndProject
Project("{FAE04EC0-301F-11D3-BF4B-00C04F79EFBC}") = "BasinTakip.Domain.Entities", "BasinTakip.Domain.Entities\BasinTakip.Domain.Entities.csproj", "{353E39F4-F1CC-4F04-9594-2ADF6C45DCB8}"
EndProject
Project("{2150E333-8FDC-42A3-9474-1A3956D46DE8}") = "80 Test", "80 Test", "{0B705BEE-2312-4059-ACF8-42797974A45A}"
EndProject
Project("{2150E333-8FDC-42A3-9474-1A3956D46DE8}") = "90 Deployment", "90 Deployment", "{C545105E-3C6C-4B76-B884-D0AC02A4723B}"
EndProject
Project("{FAE04EC0-301F-11D3-BF4B-00C04F79EFBC}") = "BasinTakip.Logging", "BasinTakip.Logging\BasinTakip.Logging.csproj", "{3B9A9D48-93E5-4776-AC7A-3F28D10196E5}"
EndProject
Global
	GlobalSection(SolutionConfigurationPlatforms) = preSolution
		Debug|Any CPU = Debug|Any CPU
		Release|Any CPU = Release|Any CPU
	EndGlobalSection
	GlobalSection(ProjectConfigurationPlatforms) = postSolution
		{97208687-B467-46C8-8DD0-F2B0626067B5}.Debug|Any CPU.ActiveCfg = Debug|Any CPU
		{97208687-B467-46C8-8DD0-F2B0626067B5}.Debug|Any CPU.Build.0 = Debug|Any CPU
		{97208687-B467-46C8-8DD0-F2B0626067B5}.Release|Any CPU.ActiveCfg = Release|Any CPU
		{97208687-B467-46C8-8DD0-F2B0626067B5}.Release|Any CPU.Build.0 = Release|Any CPU
		{7927A147-33C6-413B-A8E8-1285D0305CCD}.Debug|Any CPU.ActiveCfg = Debug|Any CPU
		{7927A147-33C6-413B-A8E8-1285D0305CCD}.Debug|Any CPU.Build.0 = Debug|Any CPU
		{7927A147-33C6-413B-A8E8-1285D0305CCD}.Release|Any CPU.ActiveCfg = Release|Any CPU
		{7927A147-33C6-413B-A8E8-1285D0305CCD}.Release|Any CPU.Build.0 = Release|Any CPU
		{5FE8300C-AFD7-4C38-8732-E1ABBC5C5DDA}.Debug|Any CPU.ActiveCfg = Debug|Any CPU
		{5FE8300C-AFD7-4C38-8732-E1ABBC5C5DDA}.Debug|Any CPU.Build.0 = Debug|Any CPU
		{5FE8300C-AFD7-4C38-8732-E1ABBC5C5DDA}.Release|Any CPU.ActiveCfg = Release|Any CPU
		{5FE8300C-AFD7-4C38-8732-E1ABBC5C5DDA}.Release|Any CPU.Build.0 = Release|Any CPU
		{C51D9404-A474-44B2-8A67-B05922B6757F}.Debug|Any CPU.ActiveCfg = Debug|Any CPU
		{C51D9404-A474-44B2-8A67-B05922B6757F}.Debug|Any CPU.Build.0 = Debug|Any CPU
		{C51D9404-A474-44B2-8A67-B05922B6757F}.Release|Any CPU.ActiveCfg = Release|Any CPU
		{C51D9404-A474-44B2-8A67-B05922B6757F}.Release|Any CPU.Build.0 = Release|Any CPU
		{34C06E92-2E69-4D2C-B62D-95BBB9CE9F83}.Debug|Any CPU.ActiveCfg = Debug|Any CPU
		{34C06E92-2E69-4D2C-B62D-95BBB9CE9F83}.Debug|Any CPU.Build.0 = Debug|Any CPU
		{34C06E92-2E69-4D2C-B62D-95BBB9CE9F83}.Release|Any CPU.ActiveCfg = Release|Any CPU
		{34C06E92-2E69-4D2C-B62D-95BBB9CE9F83}.Release|Any CPU.Build.0 = Release|Any CPU
		{E2587CB2-50C6-4F16-88C4-C81DBC5A4985}.Debug|Any CPU.ActiveCfg = Debug|Any CPU
		{E2587CB2-50C6-4F16-88C4-C81DBC5A4985}.Debug|Any CPU.Build.0 = Debug|Any CPU
		{E2587CB2-50C6-4F16-88C4-C81DBC5A4985}.Release|Any CPU.ActiveCfg = Release|Any CPU
		{E2587CB2-50C6-4F16-88C4-C81DBC5A4985}.Release|Any CPU.Build.0 = Release|Any CPU
		{3692876C-9FD4-4D08-B743-0DDFBAB3FF6D}.Debug|Any CPU.ActiveCfg = Debug|Any CPU
		{3692876C-9FD4-4D08-B743-0DDFBAB3FF6D}.Debug|Any CPU.Build.0 = Debug|Any CPU
		{3692876C-9FD4-4D08-B743-0DDFBAB3FF6D}.Release|Any CPU.ActiveCfg = Release|Any CPU
		{3692876C-9FD4-4D08-B743-0DDFBAB3FF6D}.Release|Any CPU.Build.0 = Release|Any CPU
		{AD4B4A20-D9A7-44D6-803D-AFD9500D60E7}.Debug|Any CPU.ActiveCfg = Debug|Any CPU
		{AD4B4A20-D9A7-44D6-803D-AFD9500D60E7}.Debug|Any CPU.Build.0 = Debug|Any CPU
		{AD4B4A20-D9A7-44D6-803D-AFD9500D60E7}.Release|Any CPU.ActiveCfg = Release|Any CPU
		{AD4B4A20-D9A7-44D6-803D-AFD9500D60E7}.Release|Any CPU.Build.0 = Release|Any CPU
		{353E39F4-F1CC-4F04-9594-2ADF6C45DCB8}.Debug|Any CPU.ActiveCfg = Debug|Any CPU
		{353E39F4-F1CC-4F04-9594-2ADF6C45DCB8}.Debug|Any CPU.Build.0 = Debug|Any CPU
		{353E39F4-F1CC-4F04-9594-2ADF6C45DCB8}.Release|Any CPU.ActiveCfg = Release|Any CPU
		{353E39F4-F1CC-4F04-9594-2ADF6C45DCB8}.Release|Any CPU.Build.0 = Release|Any CPU
		{3B9A9D48-93E5-4776-AC7A-3F28D10196E5}.Debug|Any CPU.ActiveCfg = Debug|Any CPU
		{3B9A9D48-93E5-4776-AC7A-3F28D10196E5}.Debug|Any CPU.Build.0 = Debug|Any CPU
		{3B9A9D48-93E5-4776-AC7A-3F28D10196E5}.Release|Any CPU.ActiveCfg = Release|Any CPU
		{3B9A9D48-93E5-4776-AC7A-3F28D10196E5}.Release|Any CPU.Build.0 = Release|Any CPU
	EndGlobalSection
	GlobalSection(SolutionProperties) = preSolution
		HideSolutionNode = FALSE
	EndGlobalSection
	GlobalSection(NestedProjects) = preSolution
		{97208687-B467-46C8-8DD0-F2B0626067B5} = {E0763E6E-628E-41E7-BB29-EFC0B8F26F77}
		{7927A147-33C6-413B-A8E8-1285D0305CCD} = {3AA132A8-DEFE-49F5-8443-6570354C6B75}
		{5FE8300C-AFD7-4C38-8732-E1ABBC5C5DDA} = {B7BC15E8-40BA-4228-B8D8-097A2F66B490}
		{C51D9404-A474-44B2-8A67-B05922B6757F} = {E0763E6E-628E-41E7-BB29-EFC0B8F26F77}
		{34C06E92-2E69-4D2C-B62D-95BBB9CE9F83} = {F8E51E2D-20E0-46AF-9FA2-F51EDC158C18}
		{E2587CB2-50C6-4F16-88C4-C81DBC5A4985} = {D90F8F7C-E85F-455F-9BC4-BF343A49D87B}
		{3692876C-9FD4-4D08-B743-0DDFBAB3FF6D} = {3AA132A8-DEFE-49F5-8443-6570354C6B75}
		{AD4B4A20-D9A7-44D6-803D-AFD9500D60E7} = {3AA132A8-DEFE-49F5-8443-6570354C6B75}
		{353E39F4-F1CC-4F04-9594-2ADF6C45DCB8} = {2F9CEEC1-398A-4685-BFA6-320E99326DE8}
		{3B9A9D48-93E5-4776-AC7A-3F28D10196E5} = {2F9CEEC1-398A-4685-BFA6-320E99326DE8}
	EndGlobalSection
EndGlobal
